
Microsoft Visual Studio Solution File, Format Version 12.00
# Visual Studio 15
VisualStudioVersion = 15.0.28010.2003
MinimumVisualStudioVersion = 10.0.40219.1
Project("{FAE04EC0-301F-11D3-BF4B-00C04F79EFBC}") = "fcmMsg2", "fcmMsg2\fcmMsg2.csproj", "{E1B1D244-BC08-4D28-B244-DC6551C98853}"
EndProject
Global
	GlobalSection(SolutionConfigurationPlatforms) = preSolution
		Debug|Any CPU = Debug|Any CPU
		Release|Any CPU = Release|Any CPU
	EndGlobalSection
	GlobalSection(ProjectConfigurationPlatforms) = postSolution
		{E1B1D244-BC08-4D28-B244-DC6551C98853}.Debug|Any CPU.ActiveCfg = Debug|Any CPU
		{E1B1D244-BC08-4D28-B244-DC6551C98853}.Debug|Any CPU.Build.0 = Debug|Any CPU
		{E1B1D244-BC08-4D28-B244-DC6551C98853}.Release|Any CPU.ActiveCfg = Release|Any CPU
		{E1B1D244-BC08-4D28-B244-DC6551C98853}.Release|Any CPU.Build.0 = Release|Any CPU
	EndGlobalSection
	GlobalSection(SolutionProperties) = preSolution
		HideSolutionNode = FALSE
	EndGlobalSection
	GlobalSection(ExtensibilityGlobals) = postSolution
		SolutionGuid = {0C34F8AE-31A8-4BC5-AF0A-12E16C667B3C}
	EndGlobalSection
EndGlobal
